{
  "nodes": {
    "arrows-src": {
      "flake": false,
      "locked": {
        "lastModified": 1530603080,
        "narHash": "sha256-3osay4kofa/FBWrVMu7u7X1BUv2Nk3ChTR1nredOUxA=",
        "owner": "Harleqin",
        "repo": "arrows",
        "rev": "df7cf0067e0132d9697ac8b1a4f1b9c88d4f5382",
        "type": "github"
      },
      "original": {
        "owner": "Harleqin",
        "repo": "arrows",
        "type": "github"
      }
    },
    "clog-moldable-inspector-src": {
      "flake": false,
      "locked": {
        "lastModified": 1764616980,
        "narHash": "sha256-NsmOHUj3dw73rtnr5afdlxH4DadZjD3Ozk0mZUvwfag=",
        "ref": "refs/heads/main",
        "rev": "b369f0a4251c5c96472dc674811fb8f5d0184976",
        "revCount": 219,
        "type": "git",
        "url": "https://codeberg.org/khinsen/clog-moldable-inspector.git"
      },
      "original": {
        "type": "git",
        "url": "https://codeberg.org/khinsen/clog-moldable-inspector.git"
      }
    },
    "flake-utils": {
      "inputs": {
        "systems": "systems"
      },
      "locked": {
        "lastModified": 1731533236,
        "narHash": "sha256-l0KFg5HjrsfsO/JpG+r7fRrqm12kzFHyUHqHCVpMMbI=",
        "owner": "numtide",
        "repo": "flake-utils",
        "rev": "11707dc2f618dd54ca8739b309ec4fc024de578b",
        "type": "github"
      },
      "original": {
        "owner": "numtide",
        "repo": "flake-utils",
        "type": "github"
      }
    },
    "gptel-src": {
      "flake": false,
      "locked": {
        "lastModified": 1784130458,
        "narHash": "sha256-RTFLoswKWkMsB1KNMtIdlcM6/LnsL5/seQHsHglFxWs=",
        "owner": "RalfBarkow",
        "repo": "gptel",
        "rev": "8701e2bd80c5d2091ce2decef5d34d6fce4a3ada",
        "type": "github"
      },
      "original": {
        "owner": "RalfBarkow",
        "repo": "gptel",
        "rev": "8701e2bd80c5d2091ce2decef5d34d6fce4a3ada",
        "type": "github"
      }
    },
    "html-inspector-views-src": {
      "flake": false,
      "locked": {
        "lastModified": 1768922589,
        "narHash": "sha256-gyBXfjv1SGzdxZgimbRChDSVz3bxfEv/AJ8LtQJcXuE=",
        "ref": "refs/heads/main",
        "rev": "5816eaaf445f0f9dbae67cf07d7706b4fb678b3b",
        "revCount": 362,
        "type": "git",
        "url": "https://codeberg.org/khinsen/html-inspector-views.git"
      },
      "original": {
        "type": "git",
        "url": "https://codeberg.org/khinsen/html-inspector-views.git"
      }
    },
    "lwcells-src": {
      "flake": false,
      "locked": {
        "lastModified": 1728184003,
        "narHash": "sha256-zI67bTVQ6gP7Qm17k9PydnOetTPM+H4NJ+HqKIosCt0=",
        "owner": "kchanqvq",
        "repo": "lwcells",
        "rev": "e7446ac146a31b630e74c9bce7dab34b50cc333d",
        "type": "github"
      },
      "original": {
        "owner": "kchanqvq",
        "repo": "lwcells",
        "type": "github"
      }
    },
    "nixpkgs": {
      "locked": {
        "lastModified": 1751274312,
        "narHash": "sha256-/bVBlRpECLVzjV19t5KMdMFWSwKLtb5RyXdjz3LJT+g=",
        "owner": "NixOS",
        "repo": "nixpkgs",
        "rev": "50ab793786d9de88ee30ec4e4c24fb4236fc2674",
        "type": "github"
      },
      "original": {
        "owner": "NixOS",
        "ref": "nixos-24.11",
        "repo": "nixpkgs",
        "type": "github"
      }
    },
    "nixpkgs-emacs": {
      "locked": {
        "lastModified": 1782847189,
        "narHash": "sha256-twXPFqFsrrY5r28Zh7Homgcp2gUMBgQ6WDS98Q/3xFI=",
        "owner": "NixOS",
        "repo": "nixpkgs",
        "rev": "b6018f87da91d19d0ab4cf979885689b469cdd41",
        "type": "github"
      },
      "original": {
        "owner": "NixOS",
        "ref": "nixos-25.11",
        "repo": "nixpkgs",
        "type": "github"
      }
    },
    "plump-inspector-views-src": {
      "flake": false,
      "locked": {
        "lastModified": 1768292280,
        "narHash": "sha256-PapF0m5tiIhPC6OH/eL4SrEtb3mlQ0wf2WPWZ1X3vvo=",
        "ref": "refs/heads/main",
        "rev": "dd3969d6e38dbfb1eb131a5559f3b5b26d67ca13",
        "revCount": 9,
        "type": "git",
        "url": "https://codeberg.org/khinsen/plump-inspector-views.git"
      },
      "original": {
        "type": "git",
        "url": "https://codeberg.org/khinsen/plump-inspector-views.git"
      }
    },
    "root": {
      "inputs": {
        "arrows-src": "arrows-src",
        "clog-moldable-inspector-src": "clog-moldable-inspector-src",
        "flake-utils": "flake-utils",
        "gptel-src": "gptel-src",
        "html-inspector-views-src": "html-inspector-views-src",
        "lwcells-src": "lwcells-src",
        "nixpkgs": "nixpkgs",
        "nixpkgs-emacs": "nixpkgs-emacs",
        "plump-inspector-views-src": "plump-inspector-views-src",
        "shop3": "shop3",
        "shop3-documentation-utils": "shop3-documentation-utils",
        "shop3-fiveam-asdf": "shop3-fiveam-asdf",
        "shop3-iterate": "shop3-iterate",
        "shop3-pddl-tools": "shop3-pddl-tools",
        "shop3-random-state": "shop3-random-state",
        "shop3-trivial-garbage": "shop3-trivial-garbage",
        "shop3-trivial-indent": "shop3-trivial-indent"
      }
    },
    "shop3": {
      "flake": false,
      "locked": {
        "lastModified": 1778025901,
        "narHash": "sha256-AQ6QLorBfDPbldVM8XHwQ8iQQ6CgIIqHo9Q+zXAgKac=",
        "owner": "shop-planner",
        "repo": "shop3",
        "rev": "180ec5b5a664f14b609459449cc0a703f929decb",
        "type": "github"
      },
      "original": {
        "owner": "shop-planner",
        "repo": "shop3",
        "type": "github"
      }
    },
    "shop3-documentation-utils": {
      "flake": false,
      "locked": {
        "lastModified": 1755078873,
        "narHash": "sha256-DkqB8Hc0VBrMLLcP3xBBwguOFVVe4dAHR9WCrgFe90E=",
        "owner": "Shinmera",
        "repo": "documentation-utils",
        "rev": "fcbd927dee7f311915a27ee557e3db1d4510403c",
        "type": "github"
      },
      "original": {
        "owner": "Shinmera",
        "repo": "documentation-utils",
        "type": "github"
      }
    },
    "shop3-fiveam-asdf": {
      "flake": false,
      "locked": {
        "lastModified": 1667321444,
        "narHash": "sha256-B2eHl+dSrACNVI4rLwwom3Ocak+Pt4TEvdQUyu33sKE=",
        "owner": "rpgoldman",
        "repo": "fiveam-asdf",
        "rev": "7f11d9f5bdf6be425ffc9c1744955b1c460d9183",
        "type": "github"
      },
      "original": {
        "owner": "rpgoldman",
        "repo": "fiveam-asdf",
        "type": "github"
      }
    },
    "shop3-iterate": {
      "flake": false,
      "locked": {
        "lastModified": 1751572348,
        "narHash": "sha256-6bYX+Al8x2zBngRUw63vUPaVNP0lLXnzaJYZFP52bEw=",
        "ref": "refs/heads/master",
        "rev": "d27d7ff4821b9d8b011afaaa866d7993942430f4",
        "revCount": 90,
        "type": "git",
        "url": "https://gitlab.common-lisp.net/iterate/iterate.git"
      },
      "original": {
        "type": "git",
        "url": "https://gitlab.common-lisp.net/iterate/iterate.git"
      }
    },
    "shop3-pddl-tools": {
      "flake": false,
      "locked": {
        "lastModified": 1776879703,
        "narHash": "sha256-xqnWaPoCkJczyh6t4v0rL78pLqGJ7wXzHcw/fMsix1I=",
        "owner": "rpgoldman",
        "repo": "pddl-tools",
        "rev": "926abfb8ebdc035dce8049200c430c51a0700594",
        "type": "github"
      },
      "original": {
        "owner": "rpgoldman",
        "repo": "pddl-tools",
        "type": "github"
      }
    },
    "shop3-random-state": {
      "flake": false,
      "locked": {
        "lastModified": 1754670728,
        "narHash": "sha256-hKYYCN7nbPYR+fUkiSDURL+whwPHwciXaNDcxXjwBCM=",
        "owner": "rpgoldman",
        "repo": "random-state",
        "rev": "1eda41f2f392b09305c72113226da0814a1137b8",
        "type": "github"
      },
      "original": {
        "owner": "rpgoldman",
        "repo": "random-state",
        "type": "github"
      }
    },
    "shop3-trivial-garbage": {
      "flake": false,
      "locked": {
        "lastModified": 1554414877,
        "narHash": "sha256-xauepYecUQmKbUEFT0APAMujzQPxnGoJUcEVEIWtzpo=",
        "owner": "shop-planner",
        "repo": "trivial-garbage",
        "rev": "fff99d96b6a94811606dc8019cd25c771575dc30",
        "type": "github"
      },
      "original": {
        "owner": "shop-planner",
        "repo": "trivial-garbage",
        "type": "github"
      }
    },
    "shop3-trivial-indent": {
      "flake": false,
      "locked": {
        "lastModified": 1755086606,
        "narHash": "sha256-I8VM8EBTZx0X49e76RuOTHZWgmJk/FoiL7FZAwTnb9c=",
        "owner": "Shinmera",
        "repo": "trivial-indent",
        "rev": "87b35ff9202b107230e35790e93c471cc7880900",
        "type": "github"
      },
      "original": {
        "owner": "Shinmera",
        "repo": "trivial-indent",
        "type": "github"
      }
    },
    "systems": {
      "locked": {
        "lastModified": 1681028828,
        "narHash": "sha256-Vy1rq5AaRuLzOxct8nz4T6wlgyUR7zLU309k9mBC768=",
        "owner": "nix-systems",
        "repo": "default",
        "rev": "da67096a3b9bf56a91d16901293e51ba5b49a27e",
        "type": "github"
      },
      "original": {
        "owner": "nix-systems",
        "repo": "default",
        "type": "github"
      }
    }
  },
  "root": "root",
  "version": 7
}
