{
  "nodes": {
    "clog-moldable-inspector": {
      "flake": false,
      "locked": {
        "lastModified": 1764616980,
        "narHash": "sha256-NsmOHUj3dw73rtnr5afdlxH4DadZjD3Ozk0mZUvwfag=",
        "ref": "refs/heads/main",
        "rev": "b369f0a4251c5c96472dc674811fb8f5d0184976",
        "revCount": 219,
        "type": "git",
        "url": "https://codeberg.org/khinsen/clog-moldable-inspector.git"
      },
      "original": {
        "type": "git",
        "url": "https://codeberg.org/khinsen/clog-moldable-inspector.git"
      }
    },
    "html-inspector-views": {
      "flake": false,
      "locked": {
        "lastModified": 1777476701,
        "narHash": "sha256-w85sPKIAaFuo+EmkB6m3rwg2JDkeogwpJ2hNWcCLw5s=",
        "ref": "refs/heads/main",
        "rev": "386df8937a21457b3d91e1b61e070f836550ff71",
        "revCount": 368,
        "type": "git",
        "url": "https://codeberg.org/khinsen/html-inspector-views.git"
      },
      "original": {
        "type": "git",
        "url": "https://codeberg.org/khinsen/html-inspector-views.git"
      }
    },
    "lwcells": {
      "flake": false,
      "locked": {
        "lastModified": 1728184003,
        "narHash": "sha256-zI67bTVQ6gP7Qm17k9PydnOetTPM+H4NJ+HqKIosCt0=",
        "owner": "kchanqvq",
        "repo": "lwcells",
        "rev": "e7446ac146a31b630e74c9bce7dab34b50cc333d",
        "type": "github"
      },
      "original": {
        "owner": "kchanqvq",
        "repo": "lwcells",
        "type": "github"
      }
    },
    "named-closure": {
      "flake": false,
      "locked": {
        "lastModified": 1733252411,
        "narHash": "sha256-xfXyblX8aNUFFFH5SFibIYMiVWi2ySvhuwlWdSbVl54=",
        "owner": "BlueFlo0d",
        "repo": "named-closure",
        "rev": "d57305582137a24d6c8f8375fba496c653bb5699",
        "type": "github"
      },
      "original": {
        "owner": "BlueFlo0d",
        "repo": "named-closure",
        "type": "github"
      }
    },
    "nixpkgs": {
      "locked": {
        "lastModified": 1751274312,
        "narHash": "sha256-/bVBlRpECLVzjV19t5KMdMFWSwKLtb5RyXdjz3LJT+g=",
        "owner": "NixOS",
        "repo": "nixpkgs",
        "rev": "50ab793786d9de88ee30ec4e4c24fb4236fc2674",
        "type": "github"
      },
      "original": {
        "owner": "NixOS",
        "ref": "nixos-24.11",
        "repo": "nixpkgs",
        "type": "github"
      }
    },
    "njson": {
      "flake": false,
      "locked": {
        "lastModified": 1735849131,
        "narHash": "sha256-A8DCCX7FNZoTh2J1KhwIgRO3OdOze+SmnS1GwdxVYS0=",
        "owner": "atlas-engineer",
        "repo": "njson",
        "rev": "b8566457379f48ab3baf627f1cc3df76327fd631",
        "type": "github"
      },
      "original": {
        "owner": "atlas-engineer",
        "repo": "njson",
        "type": "github"
      }
    },
    "plump-inspector-views": {
      "flake": false,
      "locked": {
        "lastModified": 1768292280,
        "narHash": "sha256-PapF0m5tiIhPC6OH/eL4SrEtb3mlQ0wf2WPWZ1X3vvo=",
        "ref": "refs/heads/main",
        "rev": "dd3969d6e38dbfb1eb131a5559f3b5b26d67ca13",
        "revCount": 9,
        "type": "git",
        "url": "https://codeberg.org/khinsen/plump-inspector-views.git"
      },
      "original": {
        "type": "git",
        "url": "https://codeberg.org/khinsen/plump-inspector-views.git"
      }
    },
    "root": {
      "inputs": {
        "clog-moldable-inspector": "clog-moldable-inspector",
        "html-inspector-views": "html-inspector-views",
        "lwcells": "lwcells",
        "named-closure": "named-closure",
        "nixpkgs": "nixpkgs",
        "njson": "njson",
        "plump-inspector-views": "plump-inspector-views",
        "shop3": "shop3",
        "shop3-documentation-utils": "shop3-documentation-utils",
        "shop3-fiveam-asdf": "shop3-fiveam-asdf",
        "shop3-iterate": "shop3-iterate",
        "shop3-pddl-tools": "shop3-pddl-tools",
        "shop3-random-state": "shop3-random-state",
        "shop3-trivial-garbage": "shop3-trivial-garbage",
        "shop3-trivial-indent": "shop3-trivial-indent"
      }
    },
    "shop3": {
      "flake": false,
      "locked": {
        "lastModified": 1784845302,
        "narHash": "sha256-uJ4Fxv82wvZn+tgZjAswcqXxHfNDh2w5kOKrJKVwsRU=",
        "owner": "shop-planner",
        "repo": "shop3",
        "rev": "ce53f9b651acde8c44dc21eddb1a1c5b97f10536",
        "type": "github"
      },
      "original": {
        "owner": "shop-planner",
        "repo": "shop3",
        "type": "github"
      }
    },
    "shop3-documentation-utils": {
      "flake": false,
      "locked": {
        "lastModified": 1755078873,
        "narHash": "sha256-DkqB8Hc0VBrMLLcP3xBBwguOFVVe4dAHR9WCrgFe90E=",
        "owner": "Shinmera",
        "repo": "documentation-utils",
        "rev": "fcbd927dee7f311915a27ee557e3db1d4510403c",
        "type": "github"
      },
      "original": {
        "owner": "Shinmera",
        "repo": "documentation-utils",
        "type": "github"
      }
    },
    "shop3-fiveam-asdf": {
      "flake": false,
      "locked": {
        "lastModified": 1667321444,
        "narHash": "sha256-B2eHl+dSrACNVI4rLwwom3Ocak+Pt4TEvdQUyu33sKE=",
        "owner": "rpgoldman",
        "repo": "fiveam-asdf",
        "rev": "7f11d9f5bdf6be425ffc9c1744955b1c460d9183",
        "type": "github"
      },
      "original": {
        "owner": "rpgoldman",
        "repo": "fiveam-asdf",
        "type": "github"
      }
    },
    "shop3-iterate": {
      "flake": false,
      "locked": {
        "lastModified": 1751572348,
        "narHash": "sha256-6bYX+Al8x2zBngRUw63vUPaVNP0lLXnzaJYZFP52bEw=",
        "ref": "refs/heads/master",
        "rev": "d27d7ff4821b9d8b011afaaa866d7993942430f4",
        "revCount": 90,
        "type": "git",
        "url": "https://gitlab.common-lisp.net/iterate/iterate.git"
      },
      "original": {
        "type": "git",
        "url": "https://gitlab.common-lisp.net/iterate/iterate.git"
      }
    },
    "shop3-pddl-tools": {
      "flake": false,
      "locked": {
        "lastModified": 1781887187,
        "narHash": "sha256-SD9rOROOOFYM7jWcdPCaVAo7HDBgb6NW0i20VQIU4Ss=",
        "owner": "rpgoldman",
        "repo": "pddl-tools",
        "rev": "fc2de73c9e6ef732cceb3c74d22a25724ae697e4",
        "type": "github"
      },
      "original": {
        "owner": "rpgoldman",
        "repo": "pddl-tools",
        "type": "github"
      }
    },
    "shop3-random-state": {
      "flake": false,
      "locked": {
        "lastModified": 1754670728,
        "narHash": "sha256-hKYYCN7nbPYR+fUkiSDURL+whwPHwciXaNDcxXjwBCM=",
        "owner": "rpgoldman",
        "repo": "random-state",
        "rev": "1eda41f2f392b09305c72113226da0814a1137b8",
        "type": "github"
      },
      "original": {
        "owner": "rpgoldman",
        "repo": "random-state",
        "type": "github"
      }
    },
    "shop3-trivial-garbage": {
      "flake": false,
      "locked": {
        "lastModified": 1554414877,
        "narHash": "sha256-xauepYecUQmKbUEFT0APAMujzQPxnGoJUcEVEIWtzpo=",
        "owner": "shop-planner",
        "repo": "trivial-garbage",
        "rev": "fff99d96b6a94811606dc8019cd25c771575dc30",
        "type": "github"
      },
      "original": {
        "owner": "shop-planner",
        "repo": "trivial-garbage",
        "type": "github"
      }
    },
    "shop3-trivial-indent": {
      "flake": false,
      "locked": {
        "lastModified": 1755086606,
        "narHash": "sha256-I8VM8EBTZx0X49e76RuOTHZWgmJk/FoiL7FZAwTnb9c=",
        "owner": "Shinmera",
        "repo": "trivial-indent",
        "rev": "87b35ff9202b107230e35790e93c471cc7880900",
        "type": "github"
      },
      "original": {
        "owner": "Shinmera",
        "repo": "trivial-indent",
        "type": "github"
      }
    }
  },
  "root": "root",
  "version": 7
}
